
Microsoft Visual Studio Solution File, Format Version 12.00
# Visual Studio Version 17
VisualStudioVersion = 17.0.31903.59
MinimumVisualStudioVersion = 10.0.40219.1
Project("{2150E333-8FDC-42A3-9474-1A3956D46DE8}") = "src", "src", "{6D0788BC-E69D-4C8C-B1B6-482BE32E818B}"
EndProject
Project("{FAE04EC0-301F-11D3-BF4B-00C04F79EFBC}") = "chirp", "src\Chirp\chirp.csproj", "{3B5D7FB5-A60A-436E-866E-52DACE201AA3}"
EndProject
Project("{FAE04EC0-301F-11D3-BF4B-00C04F79EFBC}") = "SimpleDB", "src\SimpleDB\SimpleDB.csproj", "{3A47A825-EF2F-4698-ABBD-7082B8272D76}"
EndProject
Project("{2150E333-8FDC-42A3-9474-1A3956D46DE8}") = "test", "test", "{F9812366-A197-406E-B60B-FE6D3B3818DC}"
EndProject
Project("{FAE04EC0-301F-11D3-BF4B-00C04F79EFBC}") = "Chirp.CSVDB.Tests", "test\Chirp.CSVDB.Tests\Chirp.CSVDB.Tests.csproj", "{30357A4C-313D-448D-8822-EC63BD658508}"
EndProject
Project("{FAE04EC0-301F-11D3-BF4B-00C04F79EFBC}") = "Chirp.CLI.Client.Tests", "test\Chirp.CLI.Client.Tests\Chirp.CLI.Client.Tests.csproj", "{120CC439-E1B4-48A9-B4B9-D1EC0F1077FA}"
EndProject
Global
	GlobalSection(SolutionConfigurationPlatforms) = preSolution
		Debug|Any CPU = Debug|Any CPU
		Release|Any CPU = Release|Any CPU
	EndGlobalSection
	GlobalSection(SolutionProperties) = preSolution
		HideSolutionNode = FALSE
	EndGlobalSection
	GlobalSection(ProjectConfigurationPlatforms) = postSolution
		{3B5D7FB5-A60A-436E-866E-52DACE201AA3}.Debug|Any CPU.ActiveCfg = Debug|Any CPU
		{3B5D7FB5-A60A-436E-866E-52DACE201AA3}.Debug|Any CPU.Build.0 = Debug|Any CPU
		{3B5D7FB5-A60A-436E-866E-52DACE201AA3}.Release|Any CPU.ActiveCfg = Release|Any CPU
		{3B5D7FB5-A60A-436E-866E-52DACE201AA3}.Release|Any CPU.Build.0 = Release|Any CPU
		{3A47A825-EF2F-4698-ABBD-7082B8272D76}.Debug|Any CPU.ActiveCfg = Debug|Any CPU
		{3A47A825-EF2F-4698-ABBD-7082B8272D76}.Debug|Any CPU.Build.0 = Debug|Any CPU
		{3A47A825-EF2F-4698-ABBD-7082B8272D76}.Release|Any CPU.ActiveCfg = Release|Any CPU
		{3A47A825-EF2F-4698-ABBD-7082B8272D76}.Release|Any CPU.Build.0 = Release|Any CPU
		{30357A4C-313D-448D-8822-EC63BD658508}.Debug|Any CPU.ActiveCfg = Debug|Any CPU
		{30357A4C-313D-448D-8822-EC63BD658508}.Debug|Any CPU.Build.0 = Debug|Any CPU
		{30357A4C-313D-448D-8822-EC63BD658508}.Release|Any CPU.ActiveCfg = Release|Any CPU
		{30357A4C-313D-448D-8822-EC63BD658508}.Release|Any CPU.Build.0 = Release|Any CPU
		{120CC439-E1B4-48A9-B4B9-D1EC0F1077FA}.Debug|Any CPU.ActiveCfg = Debug|Any CPU
		{120CC439-E1B4-48A9-B4B9-D1EC0F1077FA}.Debug|Any CPU.Build.0 = Debug|Any CPU
		{120CC439-E1B4-48A9-B4B9-D1EC0F1077FA}.Release|Any CPU.ActiveCfg = Release|Any CPU
		{120CC439-E1B4-48A9-B4B9-D1EC0F1077FA}.Release|Any CPU.Build.0 = Release|Any CPU
	EndGlobalSection
	GlobalSection(NestedProjects) = preSolution
		{3B5D7FB5-A60A-436E-866E-52DACE201AA3} = {6D0788BC-E69D-4C8C-B1B6-482BE32E818B}
		{3A47A825-EF2F-4698-ABBD-7082B8272D76} = {6D0788BC-E69D-4C8C-B1B6-482BE32E818B}
		{30357A4C-313D-448D-8822-EC63BD658508} = {F9812366-A197-406E-B60B-FE6D3B3818DC}
		{120CC439-E1B4-48A9-B4B9-D1EC0F1077FA} = {F9812366-A197-406E-B60B-FE6D3B3818DC}
	EndGlobalSection
EndGlobal
