
Microsoft Visual Studio Solution File, Format Version 12.00
# Visual Studio Version 17
VisualStudioVersion = 17.0.31903.59
MinimumVisualStudioVersion = 10.0.40219.1
Project("{2150E333-8FDC-42A3-9474-1A3956D46DE8}") = "src", "src", "{FF9199F8-6BC6-4559-8EE9-D44F2C5AAC80}"
EndProject
Project("{FAE04EC0-301F-11D3-BF4B-00C04F79EFBC}") = "Chirp.CSVDBService", "src\Chirp.CSVDBService\Chirp.CSVDBService.csproj", "{214A6375-D311-4DDA-9EF3-651DBC550199}"
EndProject
Project("{FAE04EC0-301F-11D3-BF4B-00C04F79EFBC}") = "chirp", "src\Chirp\chirp.csproj", "{36CEFFD2-F1C1-41F9-AB41-28F476926E19}"
EndProject
Project("{FAE04EC0-301F-11D3-BF4B-00C04F79EFBC}") = "SimpleDB", "src\SimpleDB\SimpleDB.csproj", "{69C800CB-1237-4EBF-BE7A-4395DDB524D3}"
EndProject
Project("{2150E333-8FDC-42A3-9474-1A3956D46DE8}") = "test", "test", "{24A58472-39E6-497F-A24B-861635861649}"
EndProject
Project("{FAE04EC0-301F-11D3-BF4B-00C04F79EFBC}") = "Chirp.CLI.Client.Tests", "test\Chirp.CLI.Client.Tests\Chirp.CLI.Client.Tests.csproj", "{564D1B6F-8A76-42EF-BFBC-EC4081566EFF}"
EndProject
Project("{FAE04EC0-301F-11D3-BF4B-00C04F79EFBC}") = "Chirp.CSVDB.Tests", "test\Chirp.CSVDB.Tests\Chirp.CSVDB.Tests.csproj", "{F97829AD-E349-4F69-A82C-5287C1598B78}"
EndProject
Global
	GlobalSection(SolutionConfigurationPlatforms) = preSolution
		Debug|Any CPU = Debug|Any CPU
		Release|Any CPU = Release|Any CPU
	EndGlobalSection
	GlobalSection(SolutionProperties) = preSolution
		HideSolutionNode = FALSE
	EndGlobalSection
	GlobalSection(ProjectConfigurationPlatforms) = postSolution
		{214A6375-D311-4DDA-9EF3-651DBC550199}.Debug|Any CPU.ActiveCfg = Debug|Any CPU
		{214A6375-D311-4DDA-9EF3-651DBC550199}.Debug|Any CPU.Build.0 = Debug|Any CPU
		{214A6375-D311-4DDA-9EF3-651DBC550199}.Release|Any CPU.ActiveCfg = Release|Any CPU
		{214A6375-D311-4DDA-9EF3-651DBC550199}.Release|Any CPU.Build.0 = Release|Any CPU
		{36CEFFD2-F1C1-41F9-AB41-28F476926E19}.Debug|Any CPU.ActiveCfg = Debug|Any CPU
		{36CEFFD2-F1C1-41F9-AB41-28F476926E19}.Debug|Any CPU.Build.0 = Debug|Any CPU
		{36CEFFD2-F1C1-41F9-AB41-28F476926E19}.Release|Any CPU.ActiveCfg = Release|Any CPU
		{36CEFFD2-F1C1-41F9-AB41-28F476926E19}.Release|Any CPU.Build.0 = Release|Any CPU
		{69C800CB-1237-4EBF-BE7A-4395DDB524D3}.Debug|Any CPU.ActiveCfg = Debug|Any CPU
		{69C800CB-1237-4EBF-BE7A-4395DDB524D3}.Debug|Any CPU.Build.0 = Debug|Any CPU
		{69C800CB-1237-4EBF-BE7A-4395DDB524D3}.Release|Any CPU.ActiveCfg = Release|Any CPU
		{69C800CB-1237-4EBF-BE7A-4395DDB524D3}.Release|Any CPU.Build.0 = Release|Any CPU
		{564D1B6F-8A76-42EF-BFBC-EC4081566EFF}.Debug|Any CPU.ActiveCfg = Debug|Any CPU
		{564D1B6F-8A76-42EF-BFBC-EC4081566EFF}.Debug|Any CPU.Build.0 = Debug|Any CPU
		{564D1B6F-8A76-42EF-BFBC-EC4081566EFF}.Release|Any CPU.ActiveCfg = Release|Any CPU
		{564D1B6F-8A76-42EF-BFBC-EC4081566EFF}.Release|Any CPU.Build.0 = Release|Any CPU
		{F97829AD-E349-4F69-A82C-5287C1598B78}.Debug|Any CPU.ActiveCfg = Debug|Any CPU
		{F97829AD-E349-4F69-A82C-5287C1598B78}.Debug|Any CPU.Build.0 = Debug|Any CPU
		{F97829AD-E349-4F69-A82C-5287C1598B78}.Release|Any CPU.ActiveCfg = Release|Any CPU
		{F97829AD-E349-4F69-A82C-5287C1598B78}.Release|Any CPU.Build.0 = Release|Any CPU
	EndGlobalSection
	GlobalSection(NestedProjects) = preSolution
		{214A6375-D311-4DDA-9EF3-651DBC550199} = {FF9199F8-6BC6-4559-8EE9-D44F2C5AAC80}
		{36CEFFD2-F1C1-41F9-AB41-28F476926E19} = {FF9199F8-6BC6-4559-8EE9-D44F2C5AAC80}
		{69C800CB-1237-4EBF-BE7A-4395DDB524D3} = {FF9199F8-6BC6-4559-8EE9-D44F2C5AAC80}
		{564D1B6F-8A76-42EF-BFBC-EC4081566EFF} = {24A58472-39E6-497F-A24B-861635861649}
		{F97829AD-E349-4F69-A82C-5287C1598B78} = {24A58472-39E6-497F-A24B-861635861649}
	EndGlobalSection
EndGlobal
