
Microsoft Visual Studio Solution File, Format Version 12.00
# Visual Studio Version 17
VisualStudioVersion = 17.0.31903.59
MinimumVisualStudioVersion = 10.0.40219.1
Project("{2150E333-8FDC-42A3-9474-1A3956D46DE8}") = "src", "src", "{2956C6F5-59AD-4665-8D1F-CBE7B47DD884}"
EndProject
Project("{FAE04EC0-301F-11D3-BF4B-00C04F79EFBC}") = "Chirp.Razor", "src\Chirp.Razor\Chirp.Razor.csproj", "{169B3871-F019-43FA-BC8D-B119AF92F256}"
EndProject
Global
	GlobalSection(SolutionConfigurationPlatforms) = preSolution
		Debug|Any CPU = Debug|Any CPU
		Release|Any CPU = Release|Any CPU
	EndGlobalSection
	GlobalSection(SolutionProperties) = preSolution
		HideSolutionNode = FALSE
	EndGlobalSection
	GlobalSection(ProjectConfigurationPlatforms) = postSolution
		{169B3871-F019-43FA-BC8D-B119AF92F256}.Debug|Any CPU.ActiveCfg = Debug|Any CPU
		{169B3871-F019-43FA-BC8D-B119AF92F256}.Debug|Any CPU.Build.0 = Debug|Any CPU
		{169B3871-F019-43FA-BC8D-B119AF92F256}.Release|Any CPU.ActiveCfg = Release|Any CPU
		{169B3871-F019-43FA-BC8D-B119AF92F256}.Release|Any CPU.Build.0 = Release|Any CPU
	EndGlobalSection
	GlobalSection(NestedProjects) = preSolution
		{F7CC292D-0BAB-47B0-B43E-BFD8F0C8D26C} = {2956C6F5-59AD-4665-8D1F-CBE7B47DD884}
		{169B3871-F019-43FA-BC8D-B119AF92F256} = {F7CC292D-0BAB-47B0-B43E-BFD8F0C8D26C}
	EndGlobalSection
EndGlobal
