
Microsoft Visual Studio Solution File, Format Version 12.00
# Visual Studio Version 17
VisualStudioVersion = 17.0.31903.59
MinimumVisualStudioVersion = 10.0.40219.1
Project("{2150E333-8FDC-42A3-9474-1A3956D46DE8}") = "src", "src", "{E0E18759-EA8E-42B9-8259-E0F7724CE542}"
EndProject
Project("{FAE04EC0-301F-11D3-BF4B-00C04F79EFBC}") = "Chirp.Razor", "src\Chirp.Razor\Chirp.Razor.csproj", "{4B63B940-D8E3-49FA-84FD-D2A66E9238DD}"
EndProject
Project("{FAE04EC0-301F-11D3-BF4B-00C04F79EFBC}") = "Chirp.Core", "src\Chirp.Core\Chirp.Core.csproj", "{FD87A92C-2229-4CF6-8A12-9E48C82D09A2}"
EndProject
Project("{FAE04EC0-301F-11D3-BF4B-00C04F79EFBC}") = "Chirp.Infrastructure", "src\Chirp.Infrastructure\Chirp.Infrastructure.csproj", "{1D91490F-814C-4BD7-8E3A-510AA90F0C6C}"
EndProject
Project("{2150E333-8FDC-42A3-9474-1A3956D46DE8}") = "test", "test", "{02C5ED97-37EC-4F69-B146-838D3F1B9CDC}"
EndProject
Project("{FAE04EC0-301F-11D3-BF4B-00C04F79EFBC}") = "Chirp.Infrastructure.Tests", "test\Chirp.Infrastructure.Tests\Chirp.Infrastructure.Tests.csproj", "{D0035893-0C96-487E-B198-22E2230E6014}"
EndProject
Project("{FAE04EC0-301F-11D3-BF4B-00C04F79EFBC}") = "Chirp.Razor.Tests", "test\Chirp.Razor.Tests\Chirp.Razor.Tests.csproj", "{3B28B0D8-9C42-4C7A-A761-5DB2FF97BC3C}"
EndProject
Global
	GlobalSection(SolutionConfigurationPlatforms) = preSolution
		Debug|Any CPU = Debug|Any CPU
		Release|Any CPU = Release|Any CPU
	EndGlobalSection
	GlobalSection(SolutionProperties) = preSolution
		HideSolutionNode = FALSE
	EndGlobalSection
	GlobalSection(ProjectConfigurationPlatforms) = postSolution
		{4B63B940-D8E3-49FA-84FD-D2A66E9238DD}.Debug|Any CPU.ActiveCfg = Debug|Any CPU
		{4B63B940-D8E3-49FA-84FD-D2A66E9238DD}.Debug|Any CPU.Build.0 = Debug|Any CPU
		{4B63B940-D8E3-49FA-84FD-D2A66E9238DD}.Release|Any CPU.ActiveCfg = Release|Any CPU
		{4B63B940-D8E3-49FA-84FD-D2A66E9238DD}.Release|Any CPU.Build.0 = Release|Any CPU
		{FD87A92C-2229-4CF6-8A12-9E48C82D09A2}.Debug|Any CPU.ActiveCfg = Debug|Any CPU
		{FD87A92C-2229-4CF6-8A12-9E48C82D09A2}.Debug|Any CPU.Build.0 = Debug|Any CPU
		{FD87A92C-2229-4CF6-8A12-9E48C82D09A2}.Release|Any CPU.ActiveCfg = Release|Any CPU
		{FD87A92C-2229-4CF6-8A12-9E48C82D09A2}.Release|Any CPU.Build.0 = Release|Any CPU
		{1D91490F-814C-4BD7-8E3A-510AA90F0C6C}.Debug|Any CPU.ActiveCfg = Debug|Any CPU
		{1D91490F-814C-4BD7-8E3A-510AA90F0C6C}.Debug|Any CPU.Build.0 = Debug|Any CPU
		{1D91490F-814C-4BD7-8E3A-510AA90F0C6C}.Release|Any CPU.ActiveCfg = Release|Any CPU
		{1D91490F-814C-4BD7-8E3A-510AA90F0C6C}.Release|Any CPU.Build.0 = Release|Any CPU
		{D0035893-0C96-487E-B198-22E2230E6014}.Debug|Any CPU.ActiveCfg = Debug|Any CPU
		{D0035893-0C96-487E-B198-22E2230E6014}.Debug|Any CPU.Build.0 = Debug|Any CPU
		{D0035893-0C96-487E-B198-22E2230E6014}.Release|Any CPU.ActiveCfg = Release|Any CPU
		{D0035893-0C96-487E-B198-22E2230E6014}.Release|Any CPU.Build.0 = Release|Any CPU
		{3B28B0D8-9C42-4C7A-A761-5DB2FF97BC3C}.Debug|Any CPU.ActiveCfg = Debug|Any CPU
		{3B28B0D8-9C42-4C7A-A761-5DB2FF97BC3C}.Debug|Any CPU.Build.0 = Debug|Any CPU
		{3B28B0D8-9C42-4C7A-A761-5DB2FF97BC3C}.Release|Any CPU.ActiveCfg = Release|Any CPU
		{3B28B0D8-9C42-4C7A-A761-5DB2FF97BC3C}.Release|Any CPU.Build.0 = Release|Any CPU
	EndGlobalSection
	GlobalSection(NestedProjects) = preSolution
		{4B63B940-D8E3-49FA-84FD-D2A66E9238DD} = {E0E18759-EA8E-42B9-8259-E0F7724CE542}
		{FD87A92C-2229-4CF6-8A12-9E48C82D09A2} = {E0E18759-EA8E-42B9-8259-E0F7724CE542}
		{1D91490F-814C-4BD7-8E3A-510AA90F0C6C} = {E0E18759-EA8E-42B9-8259-E0F7724CE542}
		{D0035893-0C96-487E-B198-22E2230E6014} = {02C5ED97-37EC-4F69-B146-838D3F1B9CDC}
		{3B28B0D8-9C42-4C7A-A761-5DB2FF97BC3C} = {02C5ED97-37EC-4F69-B146-838D3F1B9CDC}
	EndGlobalSection
EndGlobal
