
Microsoft Visual Studio Solution File, Format Version 12.00
# Visual Studio Version 17
VisualStudioVersion = 17.0.31903.59
MinimumVisualStudioVersion = 10.0.40219.1
Project("{2150E333-8FDC-42A3-9474-1A3956D46DE8}") = "src", "src", "{E9591F4B-6211-4904-8C6A-CCA31883C57F}"
EndProject
Project("{FAE04EC0-301F-11D3-BF4B-00C04F79EFBC}") = "Chirp.Razor", "src\Chirp.Razor\Chirp.Razor.csproj", "{42E66BE3-216A-459B-AE03-67AD45498184}"
EndProject
Project("{FAE04EC0-301F-11D3-BF4B-00C04F79EFBC}") = "Chirp.Core", "src\Chirp.Core\Chirp.Core.csproj", "{D13E529B-30F0-4BDA-8EAE-A4AFF513DD88}"
EndProject
Project("{FAE04EC0-301F-11D3-BF4B-00C04F79EFBC}") = "Chirp.Infrastructure", "src\Chirp.Infrastructure\Chirp.Infrastructure.csproj", "{61ADDBE4-CD30-45C8-98FF-B0D09E0BED8D}"
EndProject
Project("{2150E333-8FDC-42A3-9474-1A3956D46DE8}") = "test", "test", "{990BAC4D-9769-47BC-A155-3BE23CC2D1AC}"
EndProject
Project("{FAE04EC0-301F-11D3-BF4B-00C04F79EFBC}") = "Chirp.Infrastructure.Tests", "test\Chirp.Infrastructure.Tests\Chirp.Infrastructure.Tests.csproj", "{C937CEBC-69D9-452D-9560-DDF7F01F1F7E}"
EndProject
Project("{FAE04EC0-301F-11D3-BF4B-00C04F79EFBC}") = "Chirp.Razor.Tests", "test\Chirp.Razor.Tests\Chirp.Razor.Tests.csproj", "{91CFEC79-E35A-41A0-BDA6-C81586D4D69B}"
EndProject
Global
	GlobalSection(SolutionConfigurationPlatforms) = preSolution
		Debug|Any CPU = Debug|Any CPU
		Release|Any CPU = Release|Any CPU
	EndGlobalSection
	GlobalSection(SolutionProperties) = preSolution
		HideSolutionNode = FALSE
	EndGlobalSection
	GlobalSection(ProjectConfigurationPlatforms) = postSolution
		{42E66BE3-216A-459B-AE03-67AD45498184}.Debug|Any CPU.ActiveCfg = Debug|Any CPU
		{42E66BE3-216A-459B-AE03-67AD45498184}.Debug|Any CPU.Build.0 = Debug|Any CPU
		{42E66BE3-216A-459B-AE03-67AD45498184}.Release|Any CPU.ActiveCfg = Release|Any CPU
		{42E66BE3-216A-459B-AE03-67AD45498184}.Release|Any CPU.Build.0 = Release|Any CPU
		{D13E529B-30F0-4BDA-8EAE-A4AFF513DD88}.Debug|Any CPU.ActiveCfg = Debug|Any CPU
		{D13E529B-30F0-4BDA-8EAE-A4AFF513DD88}.Debug|Any CPU.Build.0 = Debug|Any CPU
		{D13E529B-30F0-4BDA-8EAE-A4AFF513DD88}.Release|Any CPU.ActiveCfg = Release|Any CPU
		{D13E529B-30F0-4BDA-8EAE-A4AFF513DD88}.Release|Any CPU.Build.0 = Release|Any CPU
		{61ADDBE4-CD30-45C8-98FF-B0D09E0BED8D}.Debug|Any CPU.ActiveCfg = Debug|Any CPU
		{61ADDBE4-CD30-45C8-98FF-B0D09E0BED8D}.Debug|Any CPU.Build.0 = Debug|Any CPU
		{61ADDBE4-CD30-45C8-98FF-B0D09E0BED8D}.Release|Any CPU.ActiveCfg = Release|Any CPU
		{61ADDBE4-CD30-45C8-98FF-B0D09E0BED8D}.Release|Any CPU.Build.0 = Release|Any CPU
		{C937CEBC-69D9-452D-9560-DDF7F01F1F7E}.Debug|Any CPU.ActiveCfg = Debug|Any CPU
		{C937CEBC-69D9-452D-9560-DDF7F01F1F7E}.Debug|Any CPU.Build.0 = Debug|Any CPU
		{C937CEBC-69D9-452D-9560-DDF7F01F1F7E}.Release|Any CPU.ActiveCfg = Release|Any CPU
		{C937CEBC-69D9-452D-9560-DDF7F01F1F7E}.Release|Any CPU.Build.0 = Release|Any CPU
		{91CFEC79-E35A-41A0-BDA6-C81586D4D69B}.Debug|Any CPU.ActiveCfg = Debug|Any CPU
		{91CFEC79-E35A-41A0-BDA6-C81586D4D69B}.Debug|Any CPU.Build.0 = Debug|Any CPU
		{91CFEC79-E35A-41A0-BDA6-C81586D4D69B}.Release|Any CPU.ActiveCfg = Release|Any CPU
		{91CFEC79-E35A-41A0-BDA6-C81586D4D69B}.Release|Any CPU.Build.0 = Release|Any CPU
	EndGlobalSection
	GlobalSection(NestedProjects) = preSolution
		{42E66BE3-216A-459B-AE03-67AD45498184} = {E9591F4B-6211-4904-8C6A-CCA31883C57F}
		{D13E529B-30F0-4BDA-8EAE-A4AFF513DD88} = {E9591F4B-6211-4904-8C6A-CCA31883C57F}
		{61ADDBE4-CD30-45C8-98FF-B0D09E0BED8D} = {E9591F4B-6211-4904-8C6A-CCA31883C57F}
		{C937CEBC-69D9-452D-9560-DDF7F01F1F7E} = {990BAC4D-9769-47BC-A155-3BE23CC2D1AC}
		{91CFEC79-E35A-41A0-BDA6-C81586D4D69B} = {990BAC4D-9769-47BC-A155-3BE23CC2D1AC}
	EndGlobalSection
EndGlobal
