
Microsoft Visual Studio Solution File, Format Version 12.00
# Visual Studio Version 17
VisualStudioVersion = 17.5.002.0
MinimumVisualStudioVersion = 10.0.40219.1
Project("{9A19103F-16F7-4668-BE54-9A1E7A4F7556}") = "Chirp.Razor", "Chirp.Razor.csproj", "{D6962893-9C3D-4E61-A0C6-BC6D7A646E6A}"
EndProject
Global
	GlobalSection(SolutionConfigurationPlatforms) = preSolution
		Debug|Any CPU = Debug|Any CPU
		Release|Any CPU = Release|Any CPU
	EndGlobalSection
	GlobalSection(ProjectConfigurationPlatforms) = postSolution
		{D6962893-9C3D-4E61-A0C6-BC6D7A646E6A}.Debug|Any CPU.ActiveCfg = Debug|Any CPU
		{D6962893-9C3D-4E61-A0C6-BC6D7A646E6A}.Debug|Any CPU.Build.0 = Debug|Any CPU
		{D6962893-9C3D-4E61-A0C6-BC6D7A646E6A}.Release|Any CPU.ActiveCfg = Release|Any CPU
		{D6962893-9C3D-4E61-A0C6-BC6D7A646E6A}.Release|Any CPU.Build.0 = Release|Any CPU
	EndGlobalSection
	GlobalSection(SolutionProperties) = preSolution
		HideSolutionNode = FALSE
	EndGlobalSection
	GlobalSection(ExtensibilityGlobals) = postSolution
		SolutionGuid = {D043CD32-EDBD-4254-81A9-A7B91E80EF89}
	EndGlobalSection
EndGlobal
